
Microsoft Visual Studio Solution File, Format Version 12.00
# Visual Studio 14
VisualStudioVersion = 14.0.24720.0
MinimumVisualStudioVersion = 10.0.40219.1
Project("{FAE04EC0-301F-11D3-BF4B-00C04F79EFBC}") = "sad-furry-persistence", "sad-furry-persistence\sad-furry-persistence.csproj", "{CCBAC8CB-64F2-486E-A3F0-EF125BA45DF8}"
EndProject
Project("{FAE04EC0-301F-11D3-BF4B-00C04F79EFBC}") = "sad-furry-domain", "sad-furry-domain\sad-furry-domain.csproj", "{E73797FB-85C0-438E-AADF-EC404A8E0833}"
EndProject
Global
	GlobalSection(SolutionConfigurationPlatforms) = preSolution
		Debug|Any CPU = Debug|Any CPU
		Release|Any CPU = Release|Any CPU
	EndGlobalSection
	GlobalSection(ProjectConfigurationPlatforms) = postSolution
		{CCBAC8CB-64F2-486E-A3F0-EF125BA45DF8}.Debug|Any CPU.ActiveCfg = Debug|Any CPU
		{CCBAC8CB-64F2-486E-A3F0-EF125BA45DF8}.Debug|Any CPU.Build.0 = Debug|Any CPU
		{CCBAC8CB-64F2-486E-A3F0-EF125BA45DF8}.Release|Any CPU.ActiveCfg = Release|Any CPU
		{CCBAC8CB-64F2-486E-A3F0-EF125BA45DF8}.Release|Any CPU.Build.0 = Release|Any CPU
		{E73797FB-85C0-438E-AADF-EC404A8E0833}.Debug|Any CPU.ActiveCfg = Debug|Any CPU
		{E73797FB-85C0-438E-AADF-EC404A8E0833}.Debug|Any CPU.Build.0 = Debug|Any CPU
		{E73797FB-85C0-438E-AADF-EC404A8E0833}.Release|Any CPU.ActiveCfg = Release|Any CPU
		{E73797FB-85C0-438E-AADF-EC404A8E0833}.Release|Any CPU.Build.0 = Release|Any CPU
	EndGlobalSection
	GlobalSection(SolutionProperties) = preSolution
		HideSolutionNode = FALSE
	EndGlobalSection
EndGlobal
